// !$*UTF8*$!
{
	archiveVersion = 1;
	classes = {
	};
	objectVersion = 50;
	objects = {

/* Begin PBXBuildFile section */
		EA326BB92467B55E0030191A /* MenuView.swift in Sources */ = {isa = PBXBuildFile; fileRef = EA326BB82467B55E0030191A /* MenuView.swift */; };
		EA570D6B246426D700AD0881 /* AppDelegate.swift in Sources */ = {isa = PBXBuildFile; fileRef = EA570D6A246426D700AD0881 /* AppDelegate.swift */; };
		EA570D6D246426D700AD0881 /* SceneDelegate.swift in Sources */ = {isa = PBXBuildFile; fileRef = EA570D6C246426D700AD0881 /* SceneDelegate.swift */; };
		EA570D6F246426D700AD0881 /* CertificatesView.swift in Sources */ = {isa = PBXBuildFile; fileRef = EA570D6E246426D700AD0881 /* CertificatesView.swift */; };
		EA570D71246426D800AD0881 /* Assets.xcassets in Resources */ = {isa = PBXBuildFile; fileRef = EA570D70246426D800AD0881 /* Assets.xcassets */; };
		EA570D74246426D800AD0881 /* Preview Assets.xcassets in Resources */ = {isa = PBXBuildFile; fileRef = EA570D73246426D800AD0881 /* Preview Assets.xcassets */; };
		EA570D77246426D800AD0881 /* LaunchScreen.storyboard in Resources */ = {isa = PBXBuildFile; fileRef = EA570D75246426D800AD0881 /* LaunchScreen.storyboard */; };
		EA8283832466AF710035EAD6 /* CertTitleComponent.swift in Sources */ = {isa = PBXBuildFile; fileRef = EA8283822466AF710035EAD6 /* CertTitleComponent.swift */; };
		EA8283852466AFF20035EAD6 /* CertBackCardComponent.swift in Sources */ = {isa = PBXBuildFile; fileRef = EA8283842466AFF20035EAD6 /* CertBackCardComponent.swift */; };
		EA8283872466B01E0035EAD6 /* CertCardComponent.swift in Sources */ = {isa = PBXBuildFile; fileRef = EA8283862466B01E0035EAD6 /* CertCardComponent.swift */; };
		EA8283892466B0830035EAD6 /* CertBottomCardComponent.swift in Sources */ = {isa = PBXBuildFile; fileRef = EA8283882466B0830035EAD6 /* CertBottomCardComponent.swift */; };
		EA8E3A46246AD6500028EFF3 /* HomeContentComponent.swift in Sources */ = {isa = PBXBuildFile; fileRef = EA8E3A45246AD6500028EFF3 /* HomeContentComponent.swift */; };
		EA8E3A48246AE78B0028EFF3 /* HomeSectionCardComponent.swift in Sources */ = {isa = PBXBuildFile; fileRef = EA8E3A47246AE78B0028EFF3 /* HomeSectionCardComponent.swift */; };
		EA90F5B3246EBF0A00EE2248 /* UpdateDetail.swift in Sources */ = {isa = PBXBuildFile; fileRef = EA90F5B2246EBF0A00EE2248 /* UpdateDetail.swift */; };
		EA90F5B5246EC72C00EE2248 /* UpdateStore.swift in Sources */ = {isa = PBXBuildFile; fileRef = EA90F5B4246EC72C00EE2248 /* UpdateStore.swift */; };
		EA90F5B7246EDDA500EE2248 /* HomeTitleBarComponent.swift in Sources */ = {isa = PBXBuildFile; fileRef = EA90F5B6246EDDA500EE2248 /* HomeTitleBarComponent.swift */; };
		EA90F5B9246EDE3900EE2248 /* HomeSectionComponent.swift in Sources */ = {isa = PBXBuildFile; fileRef = EA90F5B8246EDE3900EE2248 /* HomeSectionComponent.swift */; };
		EA90F5BB246EDF6700EE2248 /* TabBarComponent.swift in Sources */ = {isa = PBXBuildFile; fileRef = EA90F5BA246EDF6700EE2248 /* TabBarComponent.swift */; };
		EAB384292467F91400206299 /* MenuRowComponent.swift in Sources */ = {isa = PBXBuildFile; fileRef = EAB384282467F91400206299 /* MenuRowComponent.swift */; };
		EAB3842C2468147300206299 /* HomeView.swift in Sources */ = {isa = PBXBuildFile; fileRef = EAB3842B2468147300206299 /* HomeView.swift */; };
		EAB3842F2468165100206299 /* AvatarComponent.swift in Sources */ = {isa = PBXBuildFile; fileRef = EAB3842E2468165100206299 /* AvatarComponent.swift */; };
		EACF564C246D916300220201 /* UpdatesList.swift in Sources */ = {isa = PBXBuildFile; fileRef = EACF564B246D916300220201 /* UpdatesList.swift */; };
/* End PBXBuildFile section */

/* Begin PBXFileReference section */
		EA326BB82467B55E0030191A /* MenuView.swift */ = {isa = PBXFileReference; lastKnownFileType = sourcecode.swift; path = MenuView.swift; sourceTree = "<group>"; };
		EA570D67246426D700AD0881 /* Design+Code.app */ = {isa = PBXFileReference; explicitFileType = wrapper.application; includeInIndex = 0; path = "Design+Code.app"; sourceTree = BUILT_PRODUCTS_DIR; };
		EA570D6A246426D700AD0881 /* AppDelegate.swift */ = {isa = PBXFileReference; lastKnownFileType = sourcecode.swift; path = AppDelegate.swift; sourceTree = "<group>"; };
		EA570D6C246426D700AD0881 /* SceneDelegate.swift */ = {isa = PBXFileReference; lastKnownFileType = sourcecode.swift; path = SceneDelegate.swift; sourceTree = "<group>"; };
		EA570D6E246426D700AD0881 /* CertificatesView.swift */ = {isa = PBXFileReference; lastKnownFileType = sourcecode.swift; path = CertificatesView.swift; sourceTree = "<group>"; };
		EA570D70246426D800AD0881 /* Assets.xcassets */ = {isa = PBXFileReference; lastKnownFileType = folder.assetcatalog; path = Assets.xcassets; sourceTree = "<group>"; };
		EA570D73246426D800AD0881 /* Preview Assets.xcassets */ = {isa = PBXFileReference; lastKnownFileType = folder.assetcatalog; path = "Preview Assets.xcassets"; sourceTree = "<group>"; };
		EA570D76246426D800AD0881 /* Base */ = {isa = PBXFileReference; lastKnownFileType = file.storyboard; name = Base; path = Base.lproj/LaunchScreen.storyboard; sourceTree = "<group>"; };
		EA570D78246426D800AD0881 /* Info.plist */ = {isa = PBXFileReference; lastKnownFileType = text.plist.xml; path = Info.plist; sourceTree = "<group>"; };
		EA8283822466AF710035EAD6 /* CertTitleComponent.swift */ = {isa = PBXFileReference; lastKnownFileType = sourcecode.swift; path = CertTitleComponent.swift; sourceTree = "<group>"; };
		EA8283842466AFF20035EAD6 /* CertBackCardComponent.swift */ = {isa = PBXFileReference; lastKnownFileType = sourcecode.swift; path = CertBackCardComponent.swift; sourceTree = "<group>"; };
		EA8283862466B01E0035EAD6 /* CertCardComponent.swift */ = {isa = PBXFileReference; lastKnownFileType = sourcecode.swift; path = CertCardComponent.swift; sourceTree = "<group>"; };
		EA8283882466B0830035EAD6 /* CertBottomCardComponent.swift */ = {isa = PBXFileReference; lastKnownFileType = sourcecode.swift; path = CertBottomCardComponent.swift; sourceTree = "<group>"; };
		EA8E3A45246AD6500028EFF3 /* HomeContentComponent.swift */ = {isa = PBXFileReference; lastKnownFileType = sourcecode.swift; path = HomeContentComponent.swift; sourceTree = "<group>"; };
		EA8E3A47246AE78B0028EFF3 /* HomeSectionCardComponent.swift */ = {isa = PBXFileReference; lastKnownFileType = sourcecode.swift; path = HomeSectionCardComponent.swift; sourceTree = "<group>"; };
		EA90F5B2246EBF0A00EE2248 /* UpdateDetail.swift */ = {isa = PBXFileReference; lastKnownFileType = sourcecode.swift; path = UpdateDetail.swift; sourceTree = "<group>"; };
		EA90F5B4246EC72C00EE2248 /* UpdateStore.swift */ = {isa = PBXFileReference; lastKnownFileType = sourcecode.swift; path = UpdateStore.swift; sourceTree = "<group>"; };
		EA90F5B6246EDDA500EE2248 /* HomeTitleBarComponent.swift */ = {isa = PBXFileReference; lastKnownFileType = sourcecode.swift; path = HomeTitleBarComponent.swift; sourceTree = "<group>"; };
		EA90F5B8246EDE3900EE2248 /* HomeSectionComponent.swift */ = {isa = PBXFileReference; lastKnownFileType = sourcecode.swift; path = HomeSectionComponent.swift; sourceTree = "<group>"; };
		EA90F5BA246EDF6700EE2248 /* TabBarComponent.swift */ = {isa = PBXFileReference; lastKnownFileType = sourcecode.swift; path = TabBarComponent.swift; sourceTree = "<group>"; };
		EAAA99292466EC570045CE23 /* DesignCode.entitlements */ = {isa = PBXFileReference; lastKnownFileType = text.plist.entitlements; path = DesignCode.entitlements; sourceTree = "<group>"; };
		EAB384282467F91400206299 /* MenuRowComponent.swift */ = {isa = PBXFileReference; lastKnownFileType = sourcecode.swift; path = MenuRowComponent.swift; sourceTree = "<group>"; };
		EAB3842B2468147300206299 /* HomeView.swift */ = {isa = PBXFileReference; lastKnownFileType = sourcecode.swift; path = HomeView.swift; sourceTree = "<group>"; };
		EAB3842E2468165100206299 /* AvatarComponent.swift */ = {isa = PBXFileReference; lastKnownFileType = sourcecode.swift; path = AvatarComponent.swift; sourceTree = "<group>"; };
		EACF564B246D916300220201 /* UpdatesList.swift */ = {isa = PBXFileReference; lastKnownFileType = sourcecode.swift; path = UpdatesList.swift; sourceTree = "<group>"; };
/* End PBXFileReference section */

/* Begin PBXFrameworksBuildPhase section */
		EA570D64246426D700AD0881 /* Frameworks */ = {
			isa = PBXFrameworksBuildPhase;
			buildActionMask = 2147483647;
			files = (
			);
			runOnlyForDeploymentPostprocessing = 0;
		};
/* End PBXFrameworksBuildPhase section */

/* Begin PBXGroup section */
		EA326BB72467B54E0030191A /* MenuView */ = {
			isa = PBXGroup;
			children = (
				EAB384282467F91400206299 /* MenuRowComponent.swift */,
				EA326BB82467B55E0030191A /* MenuView.swift */,
			);
			path = MenuView;
			sourceTree = "<group>";
		};
		EA570D5E246426D700AD0881 = {
			isa = PBXGroup;
			children = (
				EA570D69246426D700AD0881 /* DesignCode */,
				EA570D68246426D700AD0881 /* Products */,
			);
			sourceTree = "<group>";
		};
		EA570D68246426D700AD0881 /* Products */ = {
			isa = PBXGroup;
			children = (
				EA570D67246426D700AD0881 /* Design+Code.app */,
			);
			name = Products;
			sourceTree = "<group>";
		};
		EA570D69246426D700AD0881 /* DesignCode */ = {
			isa = PBXGroup;
			children = (
				EACF564A246D914900220201 /* UpdatesList */,
				EAAA99292466EC570045CE23 /* DesignCode.entitlements */,
				EA570D78246426D800AD0881 /* Info.plist */,
				EA570D6A246426D700AD0881 /* AppDelegate.swift */,
				EA570D6C246426D700AD0881 /* SceneDelegate.swift */,
				EA570D70246426D800AD0881 /* Assets.xcassets */,
				EA8283812466AF3E0035EAD6 /* CertificatesView */,
				EAB3842D2468162900206299 /* Components */,
				EAB3842A2468146700206299 /* HomeVIew */,
				EA570D75246426D800AD0881 /* LaunchScreen.storyboard */,
				EA326BB72467B54E0030191A /* MenuView */,
				EA570D72246426D800AD0881 /* Preview Content */,
			);
			path = DesignCode;
			sourceTree = "<group>";
		};
		EA570D72246426D800AD0881 /* Preview Content */ = {
			isa = PBXGroup;
			children = (
				EA570D73246426D800AD0881 /* Preview Assets.xcassets */,
			);
			path = "Preview Content";
			sourceTree = "<group>";
		};
		EA8283812466AF3E0035EAD6 /* CertificatesView */ = {
			isa = PBXGroup;
			children = (
				EA8283842466AFF20035EAD6 /* CertBackCardComponent.swift */,
				EA8283882466B0830035EAD6 /* CertBottomCardComponent.swift */,
				EA8283862466B01E0035EAD6 /* CertCardComponent.swift */,
				EA570D6E246426D700AD0881 /* CertificatesView.swift */,
				EA8283822466AF710035EAD6 /* CertTitleComponent.swift */,
			);
			path = CertificatesView;
			sourceTree = "<group>";
		};
		EAB3842A2468146700206299 /* HomeVIew */ = {
			isa = PBXGroup;
			children = (
				EA8E3A45246AD6500028EFF3 /* HomeContentComponent.swift */,
				EA8E3A47246AE78B0028EFF3 /* HomeSectionCardComponent.swift */,
				EA90F5B8246EDE3900EE2248 /* HomeSectionComponent.swift */,
				EA90F5B6246EDDA500EE2248 /* HomeTitleBarComponent.swift */,
				EAB3842B2468147300206299 /* HomeView.swift */,
			);
			path = HomeVIew;
			sourceTree = "<group>";
		};
		EAB3842D2468162900206299 /* Components */ = {
			isa = PBXGroup;
			children = (
				EAB3842E2468165100206299 /* AvatarComponent.swift */,
				EA90F5BA246EDF6700EE2248 /* TabBarComponent.swift */,
			);
			path = Components;
			sourceTree = "<group>";
		};
		EACF564A246D914900220201 /* UpdatesList */ = {
			isa = PBXGroup;
			children = (
				EA90F5B2246EBF0A00EE2248 /* UpdateDetail.swift */,
				EACF564B246D916300220201 /* UpdatesList.swift */,
				EA90F5B4246EC72C00EE2248 /* UpdateStore.swift */,
			);
			path = UpdatesList;
			sourceTree = "<group>";
		};
/* End PBXGroup section */

/* Begin PBXNativeTarget section */
		EA570D66246426D700AD0881 /* DesignCode */ = {
			isa = PBXNativeTarget;
			buildConfigurationList = EA570D7B246426D800AD0881 /* Build configuration list for PBXNativeTarget "DesignCode" */;
			buildPhases = (
				EA570D63246426D700AD0881 /* Sources */,
				EA570D64246426D700AD0881 /* Frameworks */,
				EA570D65246426D700AD0881 /* Resources */,
			);
			buildRules = (
			);
			dependencies = (
			);
			name = DesignCode;
			productName = DesignCode;
			productReference = EA570D67246426D700AD0881 /* Design+Code.app */;
			productType = "com.apple.product-type.application";
		};
/* End PBXNativeTarget section */

/* Begin PBXProject section */
		EA570D5F246426D700AD0881 /* Project object */ = {
			isa = PBXProject;
			attributes = {
				LastSwiftUpdateCheck = 1140;
				LastUpgradeCheck = 1140;
				ORGANIZATIONNAME = "Jan Mathew";
				TargetAttributes = {
					EA570D66246426D700AD0881 = {
						CreatedOnToolsVersion = 11.4.1;
					};
				};
			};
			buildConfigurationList = EA570D62246426D700AD0881 /* Build configuration list for PBXProject "DesignCode" */;
			compatibilityVersion = "Xcode 9.3";
			developmentRegion = en;
			hasScannedForEncodings = 0;
			knownRegions = (
				en,
				Base,
			);
			mainGroup = EA570D5E246426D700AD0881;
			productRefGroup = EA570D68246426D700AD0881 /* Products */;
			projectDirPath = "";
			projectRoot = "";
			targets = (
				EA570D66246426D700AD0881 /* DesignCode */,
			);
		};
/* End PBXProject section */

/* Begin PBXResourcesBuildPhase section */
		EA570D65246426D700AD0881 /* Resources */ = {
			isa = PBXResourcesBuildPhase;
			buildActionMask = 2147483647;
			files = (
				EA570D77246426D800AD0881 /* LaunchScreen.storyboard in Resources */,
				EA570D74246426D800AD0881 /* Preview Assets.xcassets in Resources */,
				EA570D71246426D800AD0881 /* Assets.xcassets in Resources */,
			);
			runOnlyForDeploymentPostprocessing = 0;
		};
/* End PBXResourcesBuildPhase section */

/* Begin PBXSourcesBuildPhase section */
		EA570D63246426D700AD0881 /* Sources */ = {
			isa = PBXSourcesBuildPhase;
			buildActionMask = 2147483647;
			files = (
				EACF564C246D916300220201 /* UpdatesList.swift in Sources */,
				EA90F5B7246EDDA500EE2248 /* HomeTitleBarComponent.swift in Sources */,
				EA570D6B246426D700AD0881 /* AppDelegate.swift in Sources */,
				EA326BB92467B55E0030191A /* MenuView.swift in Sources */,
				EA90F5B9246EDE3900EE2248 /* HomeSectionComponent.swift in Sources */,
				EAB384292467F91400206299 /* MenuRowComponent.swift in Sources */,
				EA90F5BB246EDF6700EE2248 /* TabBarComponent.swift in Sources */,
				EA8E3A48246AE78B0028EFF3 /* HomeSectionCardComponent.swift in Sources */,
				EA8283892466B0830035EAD6 /* CertBottomCardComponent.swift in Sources */,
				EA570D6D246426D700AD0881 /* SceneDelegate.swift in Sources */,
				EA570D6F246426D700AD0881 /* CertificatesView.swift in Sources */,
				EA90F5B3246EBF0A00EE2248 /* UpdateDetail.swift in Sources */,
				EA8283852466AFF20035EAD6 /* CertBackCardComponent.swift in Sources */,
				EAB3842F2468165100206299 /* AvatarComponent.swift in Sources */,
				EA8E3A46246AD6500028EFF3 /* HomeContentComponent.swift in Sources */,
				EA90F5B5246EC72C00EE2248 /* UpdateStore.swift in Sources */,
				EAB3842C2468147300206299 /* HomeView.swift in Sources */,
				EA8283872466B01E0035EAD6 /* CertCardComponent.swift in Sources */,
				EA8283832466AF710035EAD6 /* CertTitleComponent.swift in Sources */,
			);
			runOnlyForDeploymentPostprocessing = 0;
		};
/* End PBXSourcesBuildPhase section */

/* Begin PBXVariantGroup section */
		EA570D75246426D800AD0881 /* LaunchScreen.storyboard */ = {
			isa = PBXVariantGroup;
			children = (
				EA570D76246426D800AD0881 /* Base */,
			);
			name = LaunchScreen.storyboard;
			sourceTree = "<group>";
		};
/* End PBXVariantGroup section */

/* Begin XCBuildConfiguration section */
		EA570D79246426D800AD0881 /* Debug */ = {
			isa = XCBuildConfiguration;
			buildSettings = {
				ALWAYS_SEARCH_USER_PATHS = NO;
				CLANG_ANALYZER_NONNULL = YES;
				CLANG_ANALYZER_NUMBER_OBJECT_CONVERSION = YES_AGGRESSIVE;
				CLANG_CXX_LANGUAGE_STANDARD = "gnu++14";
				CLANG_CXX_LIBRARY = "libc++";
				CLANG_ENABLE_MODULES = YES;
				CLANG_ENABLE_OBJC_ARC = YES;
				CLANG_ENABLE_OBJC_WEAK = YES;
				CLANG_WARN_BLOCK_CAPTURE_AUTORELEASING = YES;
				CLANG_WARN_BOOL_CONVERSION = YES;
				CLANG_WARN_COMMA = YES;
				CLANG_WARN_CONSTANT_CONVERSION = YES;
				CLANG_WARN_DEPRECATED_OBJC_IMPLEMENTATIONS = YES;
				CLANG_WARN_DIRECT_OBJC_ISA_USAGE = YES_ERROR;
				CLANG_WARN_DOCUMENTATION_COMMENTS = YES;
				CLANG_WARN_EMPTY_BODY = YES;
				CLANG_WARN_ENUM_CONVERSION = YES;
				CLANG_WARN_INFINITE_RECURSION = YES;
				CLANG_WARN_INT_CONVERSION = YES;
				CLANG_WARN_NON_LITERAL_NULL_CONVERSION = YES;
				CLANG_WARN_OBJC_IMPLICIT_RETAIN_SELF = YES;
				CLANG_WARN_OBJC_LITERAL_CONVERSION = YES;
				CLANG_WARN_OBJC_ROOT_CLASS = YES_ERROR;
				CLANG_WARN_RANGE_LOOP_ANALYSIS = YES;
				CLANG_WARN_STRICT_PROTOTYPES = YES;
				CLANG_WARN_SUSPICIOUS_MOVE = YES;
				CLANG_WARN_UNGUARDED_AVAILABILITY = YES_AGGRESSIVE;
				CLANG_WARN_UNREACHABLE_CODE = YES;
				CLANG_WARN__DUPLICATE_METHOD_MATCH = YES;
				COPY_PHASE_STRIP = NO;
				DEBUG_INFORMATION_FORMAT = dwarf;
				ENABLE_STRICT_OBJC_MSGSEND = YES;
				ENABLE_TESTABILITY = YES;
				GCC_C_LANGUAGE_STANDARD = gnu11;
				GCC_DYNAMIC_NO_PIC = NO;
				GCC_NO_COMMON_BLOCKS = YES;
				GCC_OPTIMIZATION_LEVEL = 0;
				GCC_PREPROCESSOR_DEFINITIONS = (
					"DEBUG=1",
					"$(inherited)",
				);
				GCC_WARN_64_TO_32_BIT_CONVERSION = YES;
				GCC_WARN_ABOUT_RETURN_TYPE = YES_ERROR;
				GCC_WARN_UNDECLARED_SELECTOR = YES;
				GCC_WARN_UNINITIALIZED_AUTOS = YES_AGGRESSIVE;
				GCC_WARN_UNUSED_FUNCTION = YES;
				GCC_WARN_UNUSED_VARIABLE = YES;
				IPHONEOS_DEPLOYMENT_TARGET = 13.4;
				MTL_ENABLE_DEBUG_INFO = INCLUDE_SOURCE;
				MTL_FAST_MATH = YES;
				ONLY_ACTIVE_ARCH = YES;
				SDKROOT = iphoneos;
				SWIFT_ACTIVE_COMPILATION_CONDITIONS = DEBUG;
				SWIFT_OPTIMIZATION_LEVEL = "-Onone";
			};
			name = Debug;
		};
		EA570D7A246426D800AD0881 /* Release */ = {
			isa = XCBuildConfiguration;
			buildSettings = {
				ALWAYS_SEARCH_USER_PATHS = NO;
				CLANG_ANALYZER_NONNULL = YES;
				CLANG_ANALYZER_NUMBER_OBJECT_CONVERSION = YES_AGGRESSIVE;
				CLANG_CXX_LANGUAGE_STANDARD = "gnu++14";
				CLANG_CXX_LIBRARY = "libc++";
				CLANG_ENABLE_MODULES = YES;
				CLANG_ENABLE_OBJC_ARC = YES;
				CLANG_ENABLE_OBJC_WEAK = YES;
				CLANG_WARN_BLOCK_CAPTURE_AUTORELEASING = YES;
				CLANG_WARN_BOOL_CONVERSION = YES;
				CLANG_WARN_COMMA = YES;
				CLANG_WARN_CONSTANT_CONVERSION = YES;
				CLANG_WARN_DEPRECATED_OBJC_IMPLEMENTATIONS = YES;
				CLANG_WARN_DIRECT_OBJC_ISA_USAGE = YES_ERROR;
				CLANG_WARN_DOCUMENTATION_COMMENTS = YES;
				CLANG_WARN_EMPTY_BODY = YES;
				CLANG_WARN_ENUM_CONVERSION = YES;
				CLANG_WARN_INFINITE_RECURSION = YES;
				CLANG_WARN_INT_CONVERSION = YES;
				CLANG_WARN_NON_LITERAL_NULL_CONVERSION = YES;
				CLANG_WARN_OBJC_IMPLICIT_RETAIN_SELF = YES;
				CLANG_WARN_OBJC_LITERAL_CONVERSION = YES;
				CLANG_WARN_OBJC_ROOT_CLASS = YES_ERROR;
				CLANG_WARN_RANGE_LOOP_ANALYSIS = YES;
				CLANG_WARN_STRICT_PROTOTYPES = YES;
				CLANG_WARN_SUSPICIOUS_MOVE = YES;
				CLANG_WARN_UNGUARDED_AVAILABILITY = YES_AGGRESSIVE;
				CLANG_WARN_UNREACHABLE_CODE = YES;
				CLANG_WARN__DUPLICATE_METHOD_MATCH = YES;
				COPY_PHASE_STRIP = NO;
				DEBUG_INFORMATION_FORMAT = "dwarf-with-dsym";
				ENABLE_NS_ASSERTIONS = NO;
				ENABLE_STRICT_OBJC_MSGSEND = YES;
				GCC_C_LANGUAGE_STANDARD = gnu11;
				GCC_NO_COMMON_BLOCKS = YES;
				GCC_WARN_64_TO_32_BIT_CONVERSION = YES;
				GCC_WARN_ABOUT_RETURN_TYPE = YES_ERROR;
				GCC_WARN_UNDECLARED_SELECTOR = YES;
				GCC_WARN_UNINITIALIZED_AUTOS = YES_AGGRESSIVE;
				GCC_WARN_UNUSED_FUNCTION = YES;
				GCC_WARN_UNUSED_VARIABLE = YES;
				IPHONEOS_DEPLOYMENT_TARGET = 13.4;
				MTL_ENABLE_DEBUG_INFO = NO;
				MTL_FAST_MATH = YES;
				SDKROOT = iphoneos;
				SWIFT_COMPILATION_MODE = wholemodule;
				SWIFT_OPTIMIZATION_LEVEL = "-O";
				VALIDATE_PRODUCT = YES;
			};
			name = Release;
		};
		EA570D7C246426D800AD0881 /* Debug */ = {
			isa = XCBuildConfiguration;
			buildSettings = {
				ASSETCATALOG_COMPILER_APPICON_NAME = AppIcon;
				CODE_SIGN_ENTITLEMENTS = DesignCode/DesignCode.entitlements;
				CODE_SIGN_STYLE = Automatic;
				DEVELOPMENT_ASSET_PATHS = "\"DesignCode/Preview Content\"";
				DEVELOPMENT_TEAM = GTDRBJB6PM;
				ENABLE_PREVIEWS = YES;
				INFOPLIST_FILE = DesignCode/Info.plist;
				LD_RUNPATH_SEARCH_PATHS = (
					"$(inherited)",
					"@executable_path/Frameworks",
				);
				PRODUCT_BUNDLE_IDENTIFIER = io.JanMathew.DesignCode;
				PRODUCT_NAME = "Design+Code";
				SWIFT_VERSION = 5.0;
				TARGETED_DEVICE_FAMILY = "1,2";
			};
			name = Debug;
		};
		EA570D7D246426D800AD0881 /* Release */ = {
			isa = XCBuildConfiguration;
			buildSettings = {
				ASSETCATALOG_COMPILER_APPICON_NAME = AppIcon;
				CODE_SIGN_ENTITLEMENTS = DesignCode/DesignCode.entitlements;
				CODE_SIGN_STYLE = Automatic;
				DEVELOPMENT_ASSET_PATHS = "\"DesignCode/Preview Content\"";
				DEVELOPMENT_TEAM = GTDRBJB6PM;
				ENABLE_PREVIEWS = YES;
				INFOPLIST_FILE = DesignCode/Info.plist;
				LD_RUNPATH_SEARCH_PATHS = (
					"$(inherited)",
					"@executable_path/Frameworks",
				);
				PRODUCT_BUNDLE_IDENTIFIER = io.JanMathew.DesignCode;
				PRODUCT_NAME = "Design+Code";
				SWIFT_VERSION = 5.0;
				TARGETED_DEVICE_FAMILY = "1,2";
			};
			name = Release;
		};
/* End XCBuildConfiguration section */

/* Begin XCConfigurationList section */
		EA570D62246426D700AD0881 /* Build configuration list for PBXProject "DesignCode" */ = {
			isa = XCConfigurationList;
			buildConfigurations = (
				EA570D79246426D800AD0881 /* Debug */,
				EA570D7A246426D800AD0881 /* Release */,
			);
			defaultConfigurationIsVisible = 0;
			defaultConfigurationName = Release;
		};
		EA570D7B246426D800AD0881 /* Build configuration list for PBXNativeTarget "DesignCode" */ = {
			isa = XCConfigurationList;
			buildConfigurations = (
				EA570D7C246426D800AD0881 /* Debug */,
				EA570D7D246426D800AD0881 /* Release */,
			);
			defaultConfigurationIsVisible = 0;
			defaultConfigurationName = Release;
		};
/* End XCConfigurationList section */
	};
	rootObject = EA570D5F246426D700AD0881 /* Project object */;
}
