// !$*UTF8*$!
{
	archiveVersion = 1;
	classes = {
	};
	objectVersion = 50;
	objects = {

/* Begin PBXBuildFile section */
		EA570D6B246426D700AD0881 /* AppDelegate.swift in Sources */ = {isa = PBXBuildFile; fileRef = EA570D6A246426D700AD0881 /* AppDelegate.swift */; };
		EA570D6D246426D700AD0881 /* SceneDelegate.swift in Sources */ = {isa = PBXBuildFile; fileRef = EA570D6C246426D700AD0881 /* SceneDelegate.swift */; };
		EA570D6F246426D700AD0881 /* CoursesView.swift in Sources */ = {isa = PBXBuildFile; fileRef = EA570D6E246426D700AD0881 /* CoursesView.swift */; };
		EA570D71246426D800AD0881 /* Assets.xcassets in Resources */ = {isa = PBXBuildFile; fileRef = EA570D70246426D800AD0881 /* Assets.xcassets */; };
		EA570D74246426D800AD0881 /* Preview Assets.xcassets in Resources */ = {isa = PBXBuildFile; fileRef = EA570D73246426D800AD0881 /* Preview Assets.xcassets */; };
		EA570D77246426D800AD0881 /* LaunchScreen.storyboard in Resources */ = {isa = PBXBuildFile; fileRef = EA570D75246426D800AD0881 /* LaunchScreen.storyboard */; };
		EA8283832466AF710035EAD6 /* TitleViewComponent.swift in Sources */ = {isa = PBXBuildFile; fileRef = EA8283822466AF710035EAD6 /* TitleViewComponent.swift */; };
		EA8283852466AFF20035EAD6 /* BackCardViewComponent.swift in Sources */ = {isa = PBXBuildFile; fileRef = EA8283842466AFF20035EAD6 /* BackCardViewComponent.swift */; };
		EA8283872466B01E0035EAD6 /* CardViewComponent.swift in Sources */ = {isa = PBXBuildFile; fileRef = EA8283862466B01E0035EAD6 /* CardViewComponent.swift */; };
		EA8283892466B0830035EAD6 /* BottomCardViewComponent.swift in Sources */ = {isa = PBXBuildFile; fileRef = EA8283882466B0830035EAD6 /* BottomCardViewComponent.swift */; };
/* End PBXBuildFile section */

/* Begin PBXFileReference section */
		EA570D67246426D700AD0881 /* DesignCode.app */ = {isa = PBXFileReference; explicitFileType = wrapper.application; includeInIndex = 0; path = DesignCode.app; sourceTree = BUILT_PRODUCTS_DIR; };
		EA570D6A246426D700AD0881 /* AppDelegate.swift */ = {isa = PBXFileReference; lastKnownFileType = sourcecode.swift; path = AppDelegate.swift; sourceTree = "<group>"; };
		EA570D6C246426D700AD0881 /* SceneDelegate.swift */ = {isa = PBXFileReference; lastKnownFileType = sourcecode.swift; path = SceneDelegate.swift; sourceTree = "<group>"; };
		EA570D6E246426D700AD0881 /* CoursesView.swift */ = {isa = PBXFileReference; lastKnownFileType = sourcecode.swift; path = CoursesView.swift; sourceTree = "<group>"; };
		EA570D70246426D800AD0881 /* Assets.xcassets */ = {isa = PBXFileReference; lastKnownFileType = folder.assetcatalog; path = Assets.xcassets; sourceTree = "<group>"; };
		EA570D73246426D800AD0881 /* Preview Assets.xcassets */ = {isa = PBXFileReference; lastKnownFileType = folder.assetcatalog; path = "Preview Assets.xcassets"; sourceTree = "<group>"; };
		EA570D76246426D800AD0881 /* Base */ = {isa = PBXFileReference; lastKnownFileType = file.storyboard; name = Base; path = Base.lproj/LaunchScreen.storyboard; sourceTree = "<group>"; };
		EA570D78246426D800AD0881 /* Info.plist */ = {isa = PBXFileReference; lastKnownFileType = text.plist.xml; path = Info.plist; sourceTree = "<group>"; };
		EA8283822466AF710035EAD6 /* TitleViewComponent.swift */ = {isa = PBXFileReference; lastKnownFileType = sourcecode.swift; path = TitleViewComponent.swift; sourceTree = "<group>"; };
		EA8283842466AFF20035EAD6 /* BackCardViewComponent.swift */ = {isa = PBXFileReference; lastKnownFileType = sourcecode.swift; path = BackCardViewComponent.swift; sourceTree = "<group>"; };
		EA8283862466B01E0035EAD6 /* CardViewComponent.swift */ = {isa = PBXFileReference; lastKnownFileType = sourcecode.swift; path = CardViewComponent.swift; sourceTree = "<group>"; };
		EA8283882466B0830035EAD6 /* BottomCardViewComponent.swift */ = {isa = PBXFileReference; lastKnownFileType = sourcecode.swift; path = BottomCardViewComponent.swift; sourceTree = "<group>"; };
		EAAA99292466EC570045CE23 /* DesignCode.entitlements */ = {isa = PBXFileReference; lastKnownFileType = text.plist.entitlements; path = DesignCode.entitlements; sourceTree = "<group>"; };
/* End PBXFileReference section */

/* Begin PBXFrameworksBuildPhase section */
		EA570D64246426D700AD0881 /* Frameworks */ = {
			isa = PBXFrameworksBuildPhase;
			buildActionMask = 2147483647;
			files = (
			);
			runOnlyForDeploymentPostprocessing = 0;
		};
/* End PBXFrameworksBuildPhase section */

/* Begin PBXGroup section */
		EA570D5E246426D700AD0881 = {
			isa = PBXGroup;
			children = (
				EA570D69246426D700AD0881 /* DesignCode */,
				EA570D68246426D700AD0881 /* Products */,
			);
			sourceTree = "<group>";
		};
		EA570D68246426D700AD0881 /* Products */ = {
			isa = PBXGroup;
			children = (
				EA570D67246426D700AD0881 /* DesignCode.app */,
			);
			name = Products;
			sourceTree = "<group>";
		};
		EA570D69246426D700AD0881 /* DesignCode */ = {
			isa = PBXGroup;
			children = (
				EAAA99292466EC570045CE23 /* DesignCode.entitlements */,
				EA570D6A246426D700AD0881 /* AppDelegate.swift */,
				EA570D6C246426D700AD0881 /* SceneDelegate.swift */,
				EA8283812466AF3E0035EAD6 /* CoursesView */,
				EA570D70246426D800AD0881 /* Assets.xcassets */,
				EA570D75246426D800AD0881 /* LaunchScreen.storyboard */,
				EA570D78246426D800AD0881 /* Info.plist */,
				EA570D72246426D800AD0881 /* Preview Content */,
			);
			path = DesignCode;
			sourceTree = "<group>";
		};
		EA570D72246426D800AD0881 /* Preview Content */ = {
			isa = PBXGroup;
			children = (
				EA570D73246426D800AD0881 /* Preview Assets.xcassets */,
			);
			path = "Preview Content";
			sourceTree = "<group>";
		};
		EA8283812466AF3E0035EAD6 /* CoursesView */ = {
			isa = PBXGroup;
			children = (
				EA570D6E246426D700AD0881 /* CoursesView.swift */,
				EA8283822466AF710035EAD6 /* TitleViewComponent.swift */,
				EA8283842466AFF20035EAD6 /* BackCardViewComponent.swift */,
				EA8283862466B01E0035EAD6 /* CardViewComponent.swift */,
				EA8283882466B0830035EAD6 /* BottomCardViewComponent.swift */,
			);
			path = CoursesView;
			sourceTree = "<group>";
		};
/* End PBXGroup section */

/* Begin PBXNativeTarget section */
		EA570D66246426D700AD0881 /* DesignCode */ = {
			isa = PBXNativeTarget;
			buildConfigurationList = EA570D7B246426D800AD0881 /* Build configuration list for PBXNativeTarget "DesignCode" */;
			buildPhases = (
				EA570D63246426D700AD0881 /* Sources */,
				EA570D64246426D700AD0881 /* Frameworks */,
				EA570D65246426D700AD0881 /* Resources */,
			);
			buildRules = (
			);
			dependencies = (
			);
			name = DesignCode;
			productName = DesignCode;
			productReference = EA570D67246426D700AD0881 /* DesignCode.app */;
			productType = "com.apple.product-type.application";
		};
/* End PBXNativeTarget section */

/* Begin PBXProject section */
		EA570D5F246426D700AD0881 /* Project object */ = {
			isa = PBXProject;
			attributes = {
				LastSwiftUpdateCheck = 1140;
				LastUpgradeCheck = 1140;
				ORGANIZATIONNAME = "Jan Mathew";
				TargetAttributes = {
					EA570D66246426D700AD0881 = {
						CreatedOnToolsVersion = 11.4.1;
					};
				};
			};
			buildConfigurationList = EA570D62246426D700AD0881 /* Build configuration list for PBXProject "DesignCode" */;
			compatibilityVersion = "Xcode 9.3";
			developmentRegion = en;
			hasScannedForEncodings = 0;
			knownRegions = (
				en,
				Base,
			);
			mainGroup = EA570D5E246426D700AD0881;
			productRefGroup = EA570D68246426D700AD0881 /* Products */;
			projectDirPath = "";
			projectRoot = "";
			targets = (
				EA570D66246426D700AD0881 /* DesignCode */,
			);
		};
/* End PBXProject section */

/* Begin PBXResourcesBuildPhase section */
		EA570D65246426D700AD0881 /* Resources */ = {
			isa = PBXResourcesBuildPhase;
			buildActionMask = 2147483647;
			files = (
				EA570D77246426D800AD0881 /* LaunchScreen.storyboard in Resources */,
				EA570D74246426D800AD0881 /* Preview Assets.xcassets in Resources */,
				EA570D71246426D800AD0881 /* Assets.xcassets in Resources */,
			);
			runOnlyForDeploymentPostprocessing = 0;
		};
/* End PBXResourcesBuildPhase section */

/* Begin PBXSourcesBuildPhase section */
		EA570D63246426D700AD0881 /* Sources */ = {
			isa = PBXSourcesBuildPhase;
			buildActionMask = 2147483647;
			files = (
				EA570D6B246426D700AD0881 /* AppDelegate.swift in Sources */,
				EA8283892466B0830035EAD6 /* BottomCardViewComponent.swift in Sources */,
				EA570D6D246426D700AD0881 /* SceneDelegate.swift in Sources */,
				EA570D6F246426D700AD0881 /* CoursesView.swift in Sources */,
				EA8283852466AFF20035EAD6 /* BackCardViewComponent.swift in Sources */,
				EA8283872466B01E0035EAD6 /* CardViewComponent.swift in Sources */,
				EA8283832466AF710035EAD6 /* TitleViewComponent.swift in Sources */,
			);
			runOnlyForDeploymentPostprocessing = 0;
		};
/* End PBXSourcesBuildPhase section */

/* Begin PBXVariantGroup section */
		EA570D75246426D800AD0881 /* LaunchScreen.storyboard */ = {
			isa = PBXVariantGroup;
			children = (
				EA570D76246426D800AD0881 /* Base */,
			);
			name = LaunchScreen.storyboard;
			sourceTree = "<group>";
		};
/* End PBXVariantGroup section */

/* Begin XCBuildConfiguration section */
		EA570D79246426D800AD0881 /* Debug */ = {
			isa = XCBuildConfiguration;
			buildSettings = {
				ALWAYS_SEARCH_USER_PATHS = NO;
				CLANG_ANALYZER_NONNULL = YES;
				CLANG_ANALYZER_NUMBER_OBJECT_CONVERSION = YES_AGGRESSIVE;
				CLANG_CXX_LANGUAGE_STANDARD = "gnu++14";
				CLANG_CXX_LIBRARY = "libc++";
				CLANG_ENABLE_MODULES = YES;
				CLANG_ENABLE_OBJC_ARC = YES;
				CLANG_ENABLE_OBJC_WEAK = YES;
				CLANG_WARN_BLOCK_CAPTURE_AUTORELEASING = YES;
				CLANG_WARN_BOOL_CONVERSION = YES;
				CLANG_WARN_COMMA = YES;
				CLANG_WARN_CONSTANT_CONVERSION = YES;
				CLANG_WARN_DEPRECATED_OBJC_IMPLEMENTATIONS = YES;
				CLANG_WARN_DIRECT_OBJC_ISA_USAGE = YES_ERROR;
				CLANG_WARN_DOCUMENTATION_COMMENTS = YES;
				CLANG_WARN_EMPTY_BODY = YES;
				CLANG_WARN_ENUM_CONVERSION = YES;
				CLANG_WARN_INFINITE_RECURSION = YES;
				CLANG_WARN_INT_CONVERSION = YES;
				CLANG_WARN_NON_LITERAL_NULL_CONVERSION = YES;
				CLANG_WARN_OBJC_IMPLICIT_RETAIN_SELF = YES;
				CLANG_WARN_OBJC_LITERAL_CONVERSION = YES;
				CLANG_WARN_OBJC_ROOT_CLASS = YES_ERROR;
				CLANG_WARN_RANGE_LOOP_ANALYSIS = YES;
				CLANG_WARN_STRICT_PROTOTYPES = YES;
				CLANG_WARN_SUSPICIOUS_MOVE = YES;
				CLANG_WARN_UNGUARDED_AVAILABILITY = YES_AGGRESSIVE;
				CLANG_WARN_UNREACHABLE_CODE = YES;
				CLANG_WARN__DUPLICATE_METHOD_MATCH = YES;
				COPY_PHASE_STRIP = NO;
				DEBUG_INFORMATION_FORMAT = dwarf;
				ENABLE_STRICT_OBJC_MSGSEND = YES;
				ENABLE_TESTABILITY = YES;
				GCC_C_LANGUAGE_STANDARD = gnu11;
				GCC_DYNAMIC_NO_PIC = NO;
				GCC_NO_COMMON_BLOCKS = YES;
				GCC_OPTIMIZATION_LEVEL = 0;
				GCC_PREPROCESSOR_DEFINITIONS = (
					"DEBUG=1",
					"$(inherited)",
				);
				GCC_WARN_64_TO_32_BIT_CONVERSION = YES;
				GCC_WARN_ABOUT_RETURN_TYPE = YES_ERROR;
				GCC_WARN_UNDECLARED_SELECTOR = YES;
				GCC_WARN_UNINITIALIZED_AUTOS = YES_AGGRESSIVE;
				GCC_WARN_UNUSED_FUNCTION = YES;
				GCC_WARN_UNUSED_VARIABLE = YES;
				IPHONEOS_DEPLOYMENT_TARGET = 13.4;
				MTL_ENABLE_DEBUG_INFO = INCLUDE_SOURCE;
				MTL_FAST_MATH = YES;
				ONLY_ACTIVE_ARCH = YES;
				SDKROOT = iphoneos;
				SWIFT_ACTIVE_COMPILATION_CONDITIONS = DEBUG;
				SWIFT_OPTIMIZATION_LEVEL = "-Onone";
			};
			name = Debug;
		};
		EA570D7A246426D800AD0881 /* Release */ = {
			isa = XCBuildConfiguration;
			buildSettings = {
				ALWAYS_SEARCH_USER_PATHS = NO;
				CLANG_ANALYZER_NONNULL = YES;
				CLANG_ANALYZER_NUMBER_OBJECT_CONVERSION = YES_AGGRESSIVE;
				CLANG_CXX_LANGUAGE_STANDARD = "gnu++14";
				CLANG_CXX_LIBRARY = "libc++";
				CLANG_ENABLE_MODULES = YES;
				CLANG_ENABLE_OBJC_ARC = YES;
				CLANG_ENABLE_OBJC_WEAK = YES;
				CLANG_WARN_BLOCK_CAPTURE_AUTORELEASING = YES;
				CLANG_WARN_BOOL_CONVERSION = YES;
				CLANG_WARN_COMMA = YES;
				CLANG_WARN_CONSTANT_CONVERSION = YES;
				CLANG_WARN_DEPRECATED_OBJC_IMPLEMENTATIONS = YES;
				CLANG_WARN_DIRECT_OBJC_ISA_USAGE = YES_ERROR;
				CLANG_WARN_DOCUMENTATION_COMMENTS = YES;
				CLANG_WARN_EMPTY_BODY = YES;
				CLANG_WARN_ENUM_CONVERSION = YES;
				CLANG_WARN_INFINITE_RECURSION = YES;
				CLANG_WARN_INT_CONVERSION = YES;
				CLANG_WARN_NON_LITERAL_NULL_CONVERSION = YES;
				CLANG_WARN_OBJC_IMPLICIT_RETAIN_SELF = YES;
				CLANG_WARN_OBJC_LITERAL_CONVERSION = YES;
				CLANG_WARN_OBJC_ROOT_CLASS = YES_ERROR;
				CLANG_WARN_RANGE_LOOP_ANALYSIS = YES;
				CLANG_WARN_STRICT_PROTOTYPES = YES;
				CLANG_WARN_SUSPICIOUS_MOVE = YES;
				CLANG_WARN_UNGUARDED_AVAILABILITY = YES_AGGRESSIVE;
				CLANG_WARN_UNREACHABLE_CODE = YES;
				CLANG_WARN__DUPLICATE_METHOD_MATCH = YES;
				COPY_PHASE_STRIP = NO;
				DEBUG_INFORMATION_FORMAT = "dwarf-with-dsym";
				ENABLE_NS_ASSERTIONS = NO;
				ENABLE_STRICT_OBJC_MSGSEND = YES;
				GCC_C_LANGUAGE_STANDARD = gnu11;
				GCC_NO_COMMON_BLOCKS = YES;
				GCC_WARN_64_TO_32_BIT_CONVERSION = YES;
				GCC_WARN_ABOUT_RETURN_TYPE = YES_ERROR;
				GCC_WARN_UNDECLARED_SELECTOR = YES;
				GCC_WARN_UNINITIALIZED_AUTOS = YES_AGGRESSIVE;
				GCC_WARN_UNUSED_FUNCTION = YES;
				GCC_WARN_UNUSED_VARIABLE = YES;
				IPHONEOS_DEPLOYMENT_TARGET = 13.4;
				MTL_ENABLE_DEBUG_INFO = NO;
				MTL_FAST_MATH = YES;
				SDKROOT = iphoneos;
				SWIFT_COMPILATION_MODE = wholemodule;
				SWIFT_OPTIMIZATION_LEVEL = "-O";
				VALIDATE_PRODUCT = YES;
			};
			name = Release;
		};
		EA570D7C246426D800AD0881 /* Debug */ = {
			isa = XCBuildConfiguration;
			buildSettings = {
				ASSETCATALOG_COMPILER_APPICON_NAME = AppIcon;
				CODE_SIGN_ENTITLEMENTS = DesignCode/DesignCode.entitlements;
				CODE_SIGN_STYLE = Automatic;
				DEVELOPMENT_ASSET_PATHS = "\"DesignCode/Preview Content\"";
				DEVELOPMENT_TEAM = GTDRBJB6PM;
				ENABLE_PREVIEWS = YES;
				INFOPLIST_FILE = DesignCode/Info.plist;
				LD_RUNPATH_SEARCH_PATHS = (
					"$(inherited)",
					"@executable_path/Frameworks",
				);
				PRODUCT_BUNDLE_IDENTIFIER = io.JanMathew.DesignCode;
				PRODUCT_NAME = "$(TARGET_NAME)";
				SWIFT_VERSION = 5.0;
				TARGETED_DEVICE_FAMILY = "1,2";
			};
			name = Debug;
		};
		EA570D7D246426D800AD0881 /* Release */ = {
			isa = XCBuildConfiguration;
			buildSettings = {
				ASSETCATALOG_COMPILER_APPICON_NAME = AppIcon;
				CODE_SIGN_ENTITLEMENTS = DesignCode/DesignCode.entitlements;
				CODE_SIGN_STYLE = Automatic;
				DEVELOPMENT_ASSET_PATHS = "\"DesignCode/Preview Content\"";
				DEVELOPMENT_TEAM = GTDRBJB6PM;
				ENABLE_PREVIEWS = YES;
				INFOPLIST_FILE = DesignCode/Info.plist;
				LD_RUNPATH_SEARCH_PATHS = (
					"$(inherited)",
					"@executable_path/Frameworks",
				);
				PRODUCT_BUNDLE_IDENTIFIER = io.JanMathew.DesignCode;
				PRODUCT_NAME = "$(TARGET_NAME)";
				SWIFT_VERSION = 5.0;
				TARGETED_DEVICE_FAMILY = "1,2";
			};
			name = Release;
		};
/* End XCBuildConfiguration section */

/* Begin XCConfigurationList section */
		EA570D62246426D700AD0881 /* Build configuration list for PBXProject "DesignCode" */ = {
			isa = XCConfigurationList;
			buildConfigurations = (
				EA570D79246426D800AD0881 /* Debug */,
				EA570D7A246426D800AD0881 /* Release */,
			);
			defaultConfigurationIsVisible = 0;
			defaultConfigurationName = Release;
		};
		EA570D7B246426D800AD0881 /* Build configuration list for PBXNativeTarget "DesignCode" */ = {
			isa = XCConfigurationList;
			buildConfigurations = (
				EA570D7C246426D800AD0881 /* Debug */,
				EA570D7D246426D800AD0881 /* Release */,
			);
			defaultConfigurationIsVisible = 0;
			defaultConfigurationName = Release;
		};
/* End XCConfigurationList section */
	};
	rootObject = EA570D5F246426D700AD0881 /* Project object */;
}
